PODS:
  - Flutter (1.0.0)
  - HappyDNS (0.3.17)
  - oss_qiniu (0.0.1):
    - Flutter
    - Qiniu
  - Qiniu (8.0.5):
    - HappyDNS (~> 0.3.17)

DEPENDENCIES:
  - Flutter (from `Flutter`)
  - oss_qiniu (from `.symlinks/plugins/oss_qiniu/ios`)

SPEC REPOS:
  trunk:
    - HappyDNS
    - Qiniu

EXTERNAL SOURCES:
  Flutter:
    :path: Flutter
  oss_qiniu:
    :path: ".symlinks/plugins/oss_qiniu/ios"

SPEC CHECKSUMS:
  Flutter: 0e3d915762c693b495b44d77113d4970485de6ec
  HappyDNS: 848ef73e24f2b0e2752064223ce2dc0dd88900ea
  oss_qiniu: 758de6f88200ddc83f966d6776f7a8e20cf31849
  Qiniu: 99b85defaf831bc788efdda01dc6f0406ece6964

PODFILE CHECKSUM: 8e679eca47255a8ca8067c4c67aab20e64cb974d

COCOAPODS: 1.10.0
